
Microsoft Visual Studio Solution File, Format Version 12.00
# Visual Studio Version 17
VisualStudioVersion = 17.5.33530.505
MinimumVisualStudioVersion = 10.0.40219.1
Project("{FAE04EC0-301F-11D3-BF4B-00C04F79EFBC}") = "WebApiSample", "WebApiSample\WebApiSample.csproj", "{E370B6C0-F28D-4DDB-AD29-A20C0A26571D}"
EndProject
Global
	GlobalSection(SolutionConfigurationPlatforms) = preSolution
		Debug|Any CPU = Debug|Any CPU
		Release|Any CPU = Release|Any CPU
	EndGlobalSection
	GlobalSection(ProjectConfigurationPlatforms) = postSolution
		{E370B6C0-F28D-4DDB-AD29-A20C0A26571D}.Debug|Any CPU.ActiveCfg = Debug|Any CPU
		{E370B6C0-F28D-4DDB-AD29-A20C0A26571D}.Debug|Any CPU.Build.0 = Debug|Any CPU
		{E370B6C0-F28D-4DDB-AD29-A20C0A26571D}.Release|Any CPU.ActiveCfg = Release|Any CPU
		{E370B6C0-F28D-4DDB-AD29-A20C0A26571D}.Release|Any CPU.Build.0 = Release|Any CPU
	EndGlobalSection
	GlobalSection(SolutionProperties) = preSolution
		HideSolutionNode = FALSE
	EndGlobalSection
	GlobalSection(ExtensibilityGlobals) = postSolution
		SolutionGuid = {5B0C8185-287D-4B84-A349-B522BA8BEECD}
	EndGlobalSection
EndGlobal
